<Solution>
  <Project Path="StS2Shared/StS2Shared.csproj" />
  <Project Path="StS2Toys/StS2Toys.csproj" />
  <Project Path="StS2Capture.Core/StS2Capture.Core.csproj" />
  <Project Path="StS2Capture/StS2Capture.csproj" />
  <Project Path="card-type-extractor/card-type-extractor.csproj" />
  <Project Path="ctex-to-png/ctex-to-png.csproj" />
  <Project Path="StS2SiteBuilder/StS2SiteBuilder.csproj" />
  <Project Path="SpineRuntime/SpineRuntime.csproj" />
</Solution>
